
Microsoft Visual Studio Solution File, Format Version 12.00
# Visual Studio 15
VisualStudioVersion = 15.0.28307.271
MinimumVisualStudioVersion = 10.0.40219.1
Project("{FAE04EC0-301F-11D3-BF4B-00C04F79EFBC}") = "Task1", "task1\Task1.csproj", "{77C94D0D-C9D2-4546-8407-B82F821D4E69}"
EndProject
Global
	GlobalSection(SolutionConfigurationPlatforms) = preSolution
		Debug|Any CPU = Debug|Any CPU
		Release|Any CPU = Release|Any CPU
	EndGlobalSection
	GlobalSection(ProjectConfigurationPlatforms) = postSolution
		{77C94D0D-C9D2-4546-8407-B82F821D4E69}.Debug|Any CPU.ActiveCfg = Debug|Any CPU
		{77C94D0D-C9D2-4546-8407-B82F821D4E69}.Debug|Any CPU.Build.0 = Debug|Any CPU
		{77C94D0D-C9D2-4546-8407-B82F821D4E69}.Release|Any CPU.ActiveCfg = Release|Any CPU
		{77C94D0D-C9D2-4546-8407-B82F821D4E69}.Release|Any CPU.Build.0 = Release|Any CPU
	EndGlobalSection
	GlobalSection(SolutionProperties) = preSolution
		HideSolutionNode = FALSE
	EndGlobalSection
	GlobalSection(ExtensibilityGlobals) = postSolution
		SolutionGuid = {5566566C-5702-4C78-B016-3E6260D78A25}
	EndGlobalSection
EndGlobal
