
Microsoft Visual Studio Solution File, Format Version 12.00
# Visual Studio 15
VisualStudioVersion = 15.0.28307.271
MinimumVisualStudioVersion = 10.0.40219.1
Project("{FAE04EC0-301F-11D3-BF4B-00C04F79EFBC}") = "Task3", "Task3\Task3.csproj", "{9C36E3C3-D7B0-4E52-B8A7-32EF91D3491B}"
EndProject
Global
	GlobalSection(SolutionConfigurationPlatforms) = preSolution
		Debug|Any CPU = Debug|Any CPU
		Release|Any CPU = Release|Any CPU
	EndGlobalSection
	GlobalSection(ProjectConfigurationPlatforms) = postSolution
		{9C36E3C3-D7B0-4E52-B8A7-32EF91D3491B}.Debug|Any CPU.ActiveCfg = Debug|Any CPU
		{9C36E3C3-D7B0-4E52-B8A7-32EF91D3491B}.Debug|Any CPU.Build.0 = Debug|Any CPU
		{9C36E3C3-D7B0-4E52-B8A7-32EF91D3491B}.Release|Any CPU.ActiveCfg = Release|Any CPU
		{9C36E3C3-D7B0-4E52-B8A7-32EF91D3491B}.Release|Any CPU.Build.0 = Release|Any CPU
	EndGlobalSection
	GlobalSection(SolutionProperties) = preSolution
		HideSolutionNode = FALSE
	EndGlobalSection
	GlobalSection(ExtensibilityGlobals) = postSolution
		SolutionGuid = {082923F9-514C-45BE-9CD2-A62864AA1450}
	EndGlobalSection
EndGlobal
